// !$*UTF8*$!
{
	archiveVersion = 1;
	classes = {
	};
	objectVersion = 50;
	objects = {

/* Begin PBXBuildFile section */
		08F90C8E26201242000BF075 /* LandmarksApp.swift in Sources */ = {isa = PBXBuildFile; fileRef = 08F90C8D26201242000BF075 /* LandmarksApp.swift */; };
		08F90C9026201242000BF075 /* ContentView.swift in Sources */ = {isa = PBXBuildFile; fileRef = 08F90C8F26201242000BF075 /* ContentView.swift */; };
		08F90C9226201243000BF075 /* Assets.xcassets in Resources */ = {isa = PBXBuildFile; fileRef = 08F90C9126201243000BF075 /* Assets.xcassets */; };
		08F90C9526201243000BF075 /* Preview Assets.xcassets in Resources */ = {isa = PBXBuildFile; fileRef = 08F90C9426201243000BF075 /* Preview Assets.xcassets */; };
		08F90CA026201243000BF075 /* LandmarksTests.swift in Sources */ = {isa = PBXBuildFile; fileRef = 08F90C9F26201243000BF075 /* LandmarksTests.swift */; };
		08F90CAB26201243000BF075 /* LandmarksUITests.swift in Sources */ = {isa = PBXBuildFile; fileRef = 08F90CAA26201243000BF075 /* LandmarksUITests.swift */; };
		08F90CBC2620174E000BF075 /* CircleImage.swift in Sources */ = {isa = PBXBuildFile; fileRef = 08F90CBB2620174E000BF075 /* CircleImage.swift */; };
		08F90CC1262018E9000BF075 /* MapView.swift in Sources */ = {isa = PBXBuildFile; fileRef = 08F90CC0262018E9000BF075 /* MapView.swift */; };
		08F90CC626201CBE000BF075 /* landmarkData.json in Resources */ = {isa = PBXBuildFile; fileRef = 08F90CC526201CBE000BF075 /* landmarkData.json */; };
		08F90CCB26201CDB000BF075 /* Landmark.swift in Sources */ = {isa = PBXBuildFile; fileRef = 08F90CCA26201CDB000BF075 /* Landmark.swift */; };
		08F90CD026201E7D000BF075 /* ModelData.swift in Sources */ = {isa = PBXBuildFile; fileRef = 08F90CCF26201E7D000BF075 /* ModelData.swift */; };
		08F90CE0262022DC000BF075 /* LandmarkRow.swift in Sources */ = {isa = PBXBuildFile; fileRef = 08F90CDF262022DC000BF075 /* LandmarkRow.swift */; };
		08F90CE52620271B000BF075 /* LandmarkList.swift in Sources */ = {isa = PBXBuildFile; fileRef = 08F90CE42620271B000BF075 /* LandmarkList.swift */; };
		08F90CF52620288B000BF075 /* LandmarkDetail.swift in Sources */ = {isa = PBXBuildFile; fileRef = 08F90CF42620288B000BF075 /* LandmarkDetail.swift */; };
/* End PBXBuildFile section */

/* Begin PBXContainerItemProxy section */
		08F90C9C26201243000BF075 /* PBXContainerItemProxy */ = {
			isa = PBXContainerItemProxy;
			containerPortal = 08F90C8226201242000BF075 /* Project object */;
			proxyType = 1;
			remoteGlobalIDString = 08F90C8926201242000BF075;
			remoteInfo = Landmarks;
		};
		08F90CA726201243000BF075 /* PBXContainerItemProxy */ = {
			isa = PBXContainerItemProxy;
			containerPortal = 08F90C8226201242000BF075 /* Project object */;
			proxyType = 1;
			remoteGlobalIDString = 08F90C8926201242000BF075;
			remoteInfo = Landmarks;
		};
/* End PBXContainerItemProxy section */

/* Begin PBXFileReference section */
		08F90C8A26201242000BF075 /* Landmarks.app */ = {isa = PBXFileReference; explicitFileType = wrapper.application; includeInIndex = 0; path = Landmarks.app; sourceTree = BUILT_PRODUCTS_DIR; };
		08F90C8D26201242000BF075 /* LandmarksApp.swift */ = {isa = PBXFileReference; lastKnownFileType = sourcecode.swift; path = LandmarksApp.swift; sourceTree = "<group>"; };
		08F90C8F26201242000BF075 /* ContentView.swift */ = {isa = PBXFileReference; lastKnownFileType = sourcecode.swift; path = ContentView.swift; sourceTree = "<group>"; };
		08F90C9126201243000BF075 /* Assets.xcassets */ = {isa = PBXFileReference; lastKnownFileType = folder.assetcatalog; path = Assets.xcassets; sourceTree = "<group>"; };
		08F90C9426201243000BF075 /* Preview Assets.xcassets */ = {isa = PBXFileReference; lastKnownFileType = folder.assetcatalog; path = "Preview Assets.xcassets"; sourceTree = "<group>"; };
		08F90C9626201243000BF075 /* Info.plist */ = {isa = PBXFileReference; lastKnownFileType = text.plist.xml; path = Info.plist; sourceTree = "<group>"; };
		08F90C9B26201243000BF075 /* LandmarksTests.xctest */ = {isa = PBXFileReference; explicitFileType = wrapper.cfbundle; includeInIndex = 0; path = LandmarksTests.xctest; sourceTree = BUILT_PRODUCTS_DIR; };
		08F90C9F26201243000BF075 /* LandmarksTests.swift */ = {isa = PBXFileReference; lastKnownFileType = sourcecode.swift; path = LandmarksTests.swift; sourceTree = "<group>"; };
		08F90CA126201243000BF075 /* Info.plist */ = {isa = PBXFileReference; lastKnownFileType = text.plist.xml; path = Info.plist; sourceTree = "<group>"; };
		08F90CA626201243000BF075 /* LandmarksUITests.xctest */ = {isa = PBXFileReference; explicitFileType = wrapper.cfbundle; includeInIndex = 0; path = LandmarksUITests.xctest; sourceTree = BUILT_PRODUCTS_DIR; };
		08F90CAA26201243000BF075 /* LandmarksUITests.swift */ = {isa = PBXFileReference; lastKnownFileType = sourcecode.swift; path = LandmarksUITests.swift; sourceTree = "<group>"; };
		08F90CAC26201243000BF075 /* Info.plist */ = {isa = PBXFileReference; lastKnownFileType = text.plist.xml; path = Info.plist; sourceTree = "<group>"; };
		08F90CBB2620174E000BF075 /* CircleImage.swift */ = {isa = PBXFileReference; lastKnownFileType = sourcecode.swift; path = CircleImage.swift; sourceTree = "<group>"; };
		08F90CC0262018E9000BF075 /* MapView.swift */ = {isa = PBXFileReference; lastKnownFileType = sourcecode.swift; path = MapView.swift; sourceTree = "<group>"; };
		08F90CC526201CBE000BF075 /* landmarkData.json */ = {isa = PBXFileReference; fileEncoding = 4; lastKnownFileType = text.json; path = landmarkData.json; sourceTree = "<group>"; };
		08F90CCA26201CDB000BF075 /* Landmark.swift */ = {isa = PBXFileReference; lastKnownFileType = sourcecode.swift; path = Landmark.swift; sourceTree = "<group>"; };
		08F90CCF26201E7D000BF075 /* ModelData.swift */ = {isa = PBXFileReference; lastKnownFileType = sourcecode.swift; path = ModelData.swift; sourceTree = "<group>"; };
		08F90CDF262022DC000BF075 /* LandmarkRow.swift */ = {isa = PBXFileReference; lastKnownFileType = sourcecode.swift; path = LandmarkRow.swift; sourceTree = "<group>"; };
		08F90CE42620271B000BF075 /* LandmarkList.swift */ = {isa = PBXFileReference; lastKnownFileType = sourcecode.swift; name = LandmarkList.swift; path = Landmarks/Model/LandmarkList.swift; sourceTree = SOURCE_ROOT; };
		08F90CF42620288B000BF075 /* LandmarkDetail.swift */ = {isa = PBXFileReference; lastKnownFileType = sourcecode.swift; path = LandmarkDetail.swift; sourceTree = "<group>"; };
/* End PBXFileReference section */

/* Begin PBXFrameworksBuildPhase section */
		08F90C8726201242000BF075 /* Frameworks */ = {
			isa = PBXFrameworksBuildPhase;
			buildActionMask = 2147483647;
			files = (
			);
			runOnlyForDeploymentPostprocessing = 0;
		};
		08F90C9826201243000BF075 /* Frameworks */ = {
			isa = PBXFrameworksBuildPhase;
			buildActionMask = 2147483647;
			files = (
			);
			runOnlyForDeploymentPostprocessing = 0;
		};
		08F90CA326201243000BF075 /* Frameworks */ = {
			isa = PBXFrameworksBuildPhase;
			buildActionMask = 2147483647;
			files = (
			);
			runOnlyForDeploymentPostprocessing = 0;
		};
/* End PBXFrameworksBuildPhase section */

/* Begin PBXGroup section */
		08F90C8126201242000BF075 = {
			isa = PBXGroup;
			children = (
				08F90C8C26201242000BF075 /* Landmarks */,
				08F90C9E26201243000BF075 /* LandmarksTests */,
				08F90CA926201243000BF075 /* LandmarksUITests */,
				08F90C8B26201242000BF075 /* Products */,
			);
			sourceTree = "<group>";
		};
		08F90C8B26201242000BF075 /* Products */ = {
			isa = PBXGroup;
			children = (
				08F90C8A26201242000BF075 /* Landmarks.app */,
				08F90C9B26201243000BF075 /* LandmarksTests.xctest */,
				08F90CA626201243000BF075 /* LandmarksUITests.xctest */,
			);
			name = Products;
			sourceTree = "<group>";
		};
		08F90C8C26201242000BF075 /* Landmarks */ = {
			isa = PBXGroup;
			children = (
				08F90CD62620228D000BF075 /* Resources */,
				08F90CD526202286000BF075 /* Views */,
				08F90CD426202281000BF075 /* Model */,
				08F90C8D26201242000BF075 /* LandmarksApp.swift */,
				08F90C9126201243000BF075 /* Assets.xcassets */,
				08F90C9626201243000BF075 /* Info.plist */,
				08F90C9326201243000BF075 /* Preview Content */,
			);
			path = Landmarks;
			sourceTree = "<group>";
		};
		08F90C9326201243000BF075 /* Preview Content */ = {
			isa = PBXGroup;
			children = (
				08F90C9426201243000BF075 /* Preview Assets.xcassets */,
			);
			path = "Preview Content";
			sourceTree = "<group>";
		};
		08F90C9E26201243000BF075 /* LandmarksTests */ = {
			isa = PBXGroup;
			children = (
				08F90C9F26201243000BF075 /* LandmarksTests.swift */,
				08F90CA126201243000BF075 /* Info.plist */,
			);
			path = LandmarksTests;
			sourceTree = "<group>";
		};
		08F90CA926201243000BF075 /* LandmarksUITests */ = {
			isa = PBXGroup;
			children = (
				08F90CAA26201243000BF075 /* LandmarksUITests.swift */,
				08F90CAC26201243000BF075 /* Info.plist */,
			);
			path = LandmarksUITests;
			sourceTree = "<group>";
		};
		08F90CD426202281000BF075 /* Model */ = {
			isa = PBXGroup;
			children = (
				08F90CCA26201CDB000BF075 /* Landmark.swift */,
				08F90CCF26201E7D000BF075 /* ModelData.swift */,
			);
			path = Model;
			sourceTree = "<group>";
		};
		08F90CD526202286000BF075 /* Views */ = {
			isa = PBXGroup;
			children = (
				08F90CE42620271B000BF075 /* LandmarkList.swift */,
				08F90CF42620288B000BF075 /* LandmarkDetail.swift */,
				08F90CBB2620174E000BF075 /* CircleImage.swift */,
				08F90CDF262022DC000BF075 /* LandmarkRow.swift */,
				08F90CC0262018E9000BF075 /* MapView.swift */,
				08F90C8F26201242000BF075 /* ContentView.swift */,
			);
			path = Views;
			sourceTree = "<group>";
		};
		08F90CD62620228D000BF075 /* Resources */ = {
			isa = PBXGroup;
			children = (
				08F90CC526201CBE000BF075 /* landmarkData.json */,
			);
			path = Resources;
			sourceTree = "<group>";
		};
/* End PBXGroup section */

/* Begin PBXNativeTarget section */
		08F90C8926201242000BF075 /* Landmarks */ = {
			isa = PBXNativeTarget;
			buildConfigurationList = 08F90CAF26201243000BF075 /* Build configuration list for PBXNativeTarget "Landmarks" */;
			buildPhases = (
				08F90C8626201242000BF075 /* Sources */,
				08F90C8726201242000BF075 /* Frameworks */,
				08F90C8826201242000BF075 /* Resources */,
			);
			buildRules = (
			);
			dependencies = (
			);
			name = Landmarks;
			productName = Landmarks;
			productReference = 08F90C8A26201242000BF075 /* Landmarks.app */;
			productType = "com.apple.product-type.application";
		};
		08F90C9A26201243000BF075 /* LandmarksTests */ = {
			isa = PBXNativeTarget;
			buildConfigurationList = 08F90CB226201243000BF075 /* Build configuration list for PBXNativeTarget "LandmarksTests" */;
			buildPhases = (
				08F90C9726201243000BF075 /* Sources */,
				08F90C9826201243000BF075 /* Frameworks */,
				08F90C9926201243000BF075 /* Resources */,
			);
			buildRules = (
			);
			dependencies = (
				08F90C9D26201243000BF075 /* PBXTargetDependency */,
			);
			name = LandmarksTests;
			productName = LandmarksTests;
			productReference = 08F90C9B26201243000BF075 /* LandmarksTests.xctest */;
			productType = "com.apple.product-type.bundle.unit-test";
		};
		08F90CA526201243000BF075 /* LandmarksUITests */ = {
			isa = PBXNativeTarget;
			buildConfigurationList = 08F90CB526201243000BF075 /* Build configuration list for PBXNativeTarget "LandmarksUITests" */;
			buildPhases = (
				08F90CA226201243000BF075 /* Sources */,
				08F90CA326201243000BF075 /* Frameworks */,
				08F90CA426201243000BF075 /* Resources */,
			);
			buildRules = (
			);
			dependencies = (
				08F90CA826201243000BF075 /* PBXTargetDependency */,
			);
			name = LandmarksUITests;
			productName = LandmarksUITests;
			productReference = 08F90CA626201243000BF075 /* LandmarksUITests.xctest */;
			productType = "com.apple.product-type.bundle.ui-testing";
		};
/* End PBXNativeTarget section */

/* Begin PBXProject section */
		08F90C8226201242000BF075 /* Project object */ = {
			isa = PBXProject;
			attributes = {
				LastSwiftUpdateCheck = 1240;
				LastUpgradeCheck = 1240;
				TargetAttributes = {
					08F90C8926201242000BF075 = {
						CreatedOnToolsVersion = 12.4;
					};
					08F90C9A26201243000BF075 = {
						CreatedOnToolsVersion = 12.4;
						TestTargetID = 08F90C8926201242000BF075;
					};
					08F90CA526201243000BF075 = {
						CreatedOnToolsVersion = 12.4;
						TestTargetID = 08F90C8926201242000BF075;
					};
				};
			};
			buildConfigurationList = 08F90C8526201242000BF075 /* Build configuration list for PBXProject "Landmarks" */;
			compatibilityVersion = "Xcode 9.3";
			developmentRegion = en;
			hasScannedForEncodings = 0;
			knownRegions = (
				en,
				Base,
			);
			mainGroup = 08F90C8126201242000BF075;
			productRefGroup = 08F90C8B26201242000BF075 /* Products */;
			projectDirPath = "";
			projectRoot = "";
			targets = (
				08F90C8926201242000BF075 /* Landmarks */,
				08F90C9A26201243000BF075 /* LandmarksTests */,
				08F90CA526201243000BF075 /* LandmarksUITests */,
			);
		};
/* End PBXProject section */

/* Begin PBXResourcesBuildPhase section */
		08F90C8826201242000BF075 /* Resources */ = {
			isa = PBXResourcesBuildPhase;
			buildActionMask = 2147483647;
			files = (
				08F90C9526201243000BF075 /* Preview Assets.xcassets in Resources */,
				08F90C9226201243000BF075 /* Assets.xcassets in Resources */,
				08F90CC626201CBE000BF075 /* landmarkData.json in Resources */,
			);
			runOnlyForDeploymentPostprocessing = 0;
		};
		08F90C9926201243000BF075 /* Resources */ = {
			isa = PBXResourcesBuildPhase;
			buildActionMask = 2147483647;
			files = (
			);
			runOnlyForDeploymentPostprocessing = 0;
		};
		08F90CA426201243000BF075 /* Resources */ = {
			isa = PBXResourcesBuildPhase;
			buildActionMask = 2147483647;
			files = (
			);
			runOnlyForDeploymentPostprocessing = 0;
		};
/* End PBXResourcesBuildPhase section */

/* Begin PBXSourcesBuildPhase section */
		08F90C8626201242000BF075 /* Sources */ = {
			isa = PBXSourcesBuildPhase;
			buildActionMask = 2147483647;
			files = (
				08F90C9026201242000BF075 /* ContentView.swift in Sources */,
				08F90CC1262018E9000BF075 /* MapView.swift in Sources */,
				08F90C8E26201242000BF075 /* LandmarksApp.swift in Sources */,
				08F90CE52620271B000BF075 /* LandmarkList.swift in Sources */,
				08F90CF52620288B000BF075 /* LandmarkDetail.swift in Sources */,
				08F90CBC2620174E000BF075 /* CircleImage.swift in Sources */,
				08F90CCB26201CDB000BF075 /* Landmark.swift in Sources */,
				08F90CE0262022DC000BF075 /* LandmarkRow.swift in Sources */,
				08F90CD026201E7D000BF075 /* ModelData.swift in Sources */,
			);
			runOnlyForDeploymentPostprocessing = 0;
		};
		08F90C9726201243000BF075 /* Sources */ = {
			isa = PBXSourcesBuildPhase;
			buildActionMask = 2147483647;
			files = (
				08F90CA026201243000BF075 /* LandmarksTests.swift in Sources */,
			);
			runOnlyForDeploymentPostprocessing = 0;
		};
		08F90CA226201243000BF075 /* Sources */ = {
			isa = PBXSourcesBuildPhase;
			buildActionMask = 2147483647;
			files = (
				08F90CAB26201243000BF075 /* LandmarksUITests.swift in Sources */,
			);
			runOnlyForDeploymentPostprocessing = 0;
		};
/* End PBXSourcesBuildPhase section */

/* Begin PBXTargetDependency section */
		08F90C9D26201243000BF075 /* PBXTargetDependency */ = {
			isa = PBXTargetDependency;
			target = 08F90C8926201242000BF075 /* Landmarks */;
			targetProxy = 08F90C9C26201243000BF075 /* PBXContainerItemProxy */;
		};
		08F90CA826201243000BF075 /* PBXTargetDependency */ = {
			isa = PBXTargetDependency;
			target = 08F90C8926201242000BF075 /* Landmarks */;
			targetProxy = 08F90CA726201243000BF075 /* PBXContainerItemProxy */;
		};
/* End PBXTargetDependency section */

/* Begin XCBuildConfiguration section */
		08F90CAD26201243000BF075 /* Debug */ = {
			isa = XCBuildConfiguration;
			buildSettings = {
				ALWAYS_SEARCH_USER_PATHS = NO;
				CLANG_ANALYZER_NONNULL = YES;
				CLANG_ANALYZER_NUMBER_OBJECT_CONVERSION = YES_AGGRESSIVE;
				CLANG_CXX_LANGUAGE_STANDARD = "gnu++14";
				CLANG_CXX_LIBRARY = "libc++";
				CLANG_ENABLE_MODULES = YES;
				CLANG_ENABLE_OBJC_ARC = YES;
				CLANG_ENABLE_OBJC_WEAK = YES;
				CLANG_WARN_BLOCK_CAPTURE_AUTORELEASING = YES;
				CLANG_WARN_BOOL_CONVERSION = YES;
				CLANG_WARN_COMMA = YES;
				CLANG_WARN_CONSTANT_CONVERSION = YES;
				CLANG_WARN_DEPRECATED_OBJC_IMPLEMENTATIONS = YES;
				CLANG_WARN_DIRECT_OBJC_ISA_USAGE = YES_ERROR;
				CLANG_WARN_DOCUMENTATION_COMMENTS = YES;
				CLANG_WARN_EMPTY_BODY = YES;
				CLANG_WARN_ENUM_CONVERSION = YES;
				CLANG_WARN_INFINITE_RECURSION = YES;
				CLANG_WARN_INT_CONVERSION = YES;
				CLANG_WARN_NON_LITERAL_NULL_CONVERSION = YES;
				CLANG_WARN_OBJC_IMPLICIT_RETAIN_SELF = YES;
				CLANG_WARN_OBJC_LITERAL_CONVERSION = YES;
				CLANG_WARN_OBJC_ROOT_CLASS = YES_ERROR;
				CLANG_WARN_QUOTED_INCLUDE_IN_FRAMEWORK_HEADER = YES;
				CLANG_WARN_RANGE_LOOP_ANALYSIS = YES;
				CLANG_WARN_STRICT_PROTOTYPES = YES;
				CLANG_WARN_SUSPICIOUS_MOVE = YES;
				CLANG_WARN_UNGUARDED_AVAILABILITY = YES_AGGRESSIVE;
				CLANG_WARN_UNREACHABLE_CODE = YES;
				CLANG_WARN__DUPLICATE_METHOD_MATCH = YES;
				COPY_PHASE_STRIP = NO;
				DEBUG_INFORMATION_FORMAT = dwarf;
				ENABLE_STRICT_OBJC_MSGSEND = YES;
				ENABLE_TESTABILITY = YES;
				GCC_C_LANGUAGE_STANDARD = gnu11;
				GCC_DYNAMIC_NO_PIC = NO;
				GCC_NO_COMMON_BLOCKS = YES;
				GCC_OPTIMIZATION_LEVEL = 0;
				GCC_PREPROCESSOR_DEFINITIONS = (
					"DEBUG=1",
					"$(inherited)",
				);
				GCC_WARN_64_TO_32_BIT_CONVERSION = YES;
				GCC_WARN_ABOUT_RETURN_TYPE = YES_ERROR;
				GCC_WARN_UNDECLARED_SELECTOR = YES;
				GCC_WARN_UNINITIALIZED_AUTOS = YES_AGGRESSIVE;
				GCC_WARN_UNUSED_FUNCTION = YES;
				GCC_WARN_UNUSED_VARIABLE = YES;
				IPHONEOS_DEPLOYMENT_TARGET = 14.4;
				MTL_ENABLE_DEBUG_INFO = INCLUDE_SOURCE;
				MTL_FAST_MATH = YES;
				ONLY_ACTIVE_ARCH = YES;
				SDKROOT = iphoneos;
				SWIFT_ACTIVE_COMPILATION_CONDITIONS = DEBUG;
				SWIFT_OPTIMIZATION_LEVEL = "-Onone";
			};
			name = Debug;
		};
		08F90CAE26201243000BF075 /* Release */ = {
			isa = XCBuildConfiguration;
			buildSettings = {
				ALWAYS_SEARCH_USER_PATHS = NO;
				CLANG_ANALYZER_NONNULL = YES;
				CLANG_ANALYZER_NUMBER_OBJECT_CONVERSION = YES_AGGRESSIVE;
				CLANG_CXX_LANGUAGE_STANDARD = "gnu++14";
				CLANG_CXX_LIBRARY = "libc++";
				CLANG_ENABLE_MODULES = YES;
				CLANG_ENABLE_OBJC_ARC = YES;
				CLANG_ENABLE_OBJC_WEAK = YES;
				CLANG_WARN_BLOCK_CAPTURE_AUTORELEASING = YES;
				CLANG_WARN_BOOL_CONVERSION = YES;
				CLANG_WARN_COMMA = YES;
				CLANG_WARN_CONSTANT_CONVERSION = YES;
				CLANG_WARN_DEPRECATED_OBJC_IMPLEMENTATIONS = YES;
				CLANG_WARN_DIRECT_OBJC_ISA_USAGE = YES_ERROR;
				CLANG_WARN_DOCUMENTATION_COMMENTS = YES;
				CLANG_WARN_EMPTY_BODY = YES;
				CLANG_WARN_ENUM_CONVERSION = YES;
				CLANG_WARN_INFINITE_RECURSION = YES;
				CLANG_WARN_INT_CONVERSION = YES;
				CLANG_WARN_NON_LITERAL_NULL_CONVERSION = YES;
				CLANG_WARN_OBJC_IMPLICIT_RETAIN_SELF = YES;
				CLANG_WARN_OBJC_LITERAL_CONVERSION = YES;
				CLANG_WARN_OBJC_ROOT_CLASS = YES_ERROR;
				CLANG_WARN_QUOTED_INCLUDE_IN_FRAMEWORK_HEADER = YES;
				CLANG_WARN_RANGE_LOOP_ANALYSIS = YES;
				CLANG_WARN_STRICT_PROTOTYPES = YES;
				CLANG_WARN_SUSPICIOUS_MOVE = YES;
				CLANG_WARN_UNGUARDED_AVAILABILITY = YES_AGGRESSIVE;
				CLANG_WARN_UNREACHABLE_CODE = YES;
				CLANG_WARN__DUPLICATE_METHOD_MATCH = YES;
				COPY_PHASE_STRIP = NO;
				DEBUG_INFORMATION_FORMAT = "dwarf-with-dsym";
				ENABLE_NS_ASSERTIONS = NO;
				ENABLE_STRICT_OBJC_MSGSEND = YES;
				GCC_C_LANGUAGE_STANDARD = gnu11;
				GCC_NO_COMMON_BLOCKS = YES;
				GCC_WARN_64_TO_32_BIT_CONVERSION = YES;
				GCC_WARN_ABOUT_RETURN_TYPE = YES_ERROR;
				GCC_WARN_UNDECLARED_SELECTOR = YES;
				GCC_WARN_UNINITIALIZED_AUTOS = YES_AGGRESSIVE;
				GCC_WARN_UNUSED_FUNCTION = YES;
				GCC_WARN_UNUSED_VARIABLE = YES;
				IPHONEOS_DEPLOYMENT_TARGET = 14.4;
				MTL_ENABLE_DEBUG_INFO = NO;
				MTL_FAST_MATH = YES;
				SDKROOT = iphoneos;
				SWIFT_COMPILATION_MODE = wholemodule;
				SWIFT_OPTIMIZATION_LEVEL = "-O";
				VALIDATE_PRODUCT = YES;
			};
			name = Release;
		};
		08F90CB026201243000BF075 /* Debug */ = {
			isa = XCBuildConfiguration;
			buildSettings = {
				ASSETCATALOG_COMPILER_APPICON_NAME = AppIcon;
				ASSETCATALOG_COMPILER_GLOBAL_ACCENT_COLOR_NAME = AccentColor;
				CODE_SIGN_STYLE = Automatic;
				DEVELOPMENT_ASSET_PATHS = "\"Landmarks/Preview Content\"";
				ENABLE_PREVIEWS = YES;
				INFOPLIST_FILE = Landmarks/Info.plist;
				IPHONEOS_DEPLOYMENT_TARGET = 14.0;
				LD_RUNPATH_SEARCH_PATHS = (
					"$(inherited)",
					"@executable_path/Frameworks",
				);
				PRODUCT_BUNDLE_IDENTIFIER = com.example.Landmarks;
				PRODUCT_NAME = "$(TARGET_NAME)";
				SWIFT_VERSION = 5.0;
				TARGETED_DEVICE_FAMILY = "1,2";
			};
			name = Debug;
		};
		08F90CB126201243000BF075 /* Release */ = {
			isa = XCBuildConfiguration;
			buildSettings = {
				ASSETCATALOG_COMPILER_APPICON_NAME = AppIcon;
				ASSETCATALOG_COMPILER_GLOBAL_ACCENT_COLOR_NAME = AccentColor;
				CODE_SIGN_STYLE = Automatic;
				DEVELOPMENT_ASSET_PATHS = "\"Landmarks/Preview Content\"";
				ENABLE_PREVIEWS = YES;
				INFOPLIST_FILE = Landmarks/Info.plist;
				IPHONEOS_DEPLOYMENT_TARGET = 14.0;
				LD_RUNPATH_SEARCH_PATHS = (
					"$(inherited)",
					"@executable_path/Frameworks",
				);
				PRODUCT_BUNDLE_IDENTIFIER = com.example.Landmarks;
				PRODUCT_NAME = "$(TARGET_NAME)";
				SWIFT_VERSION = 5.0;
				TARGETED_DEVICE_FAMILY = "1,2";
			};
			name = Release;
		};
		08F90CB326201243000BF075 /* Debug */ = {
			isa = XCBuildConfiguration;
			buildSettings = {
				ALWAYS_EMBED_SWIFT_STANDARD_LIBRARIES = YES;
				BUNDLE_LOADER = "$(TEST_HOST)";
				CODE_SIGN_STYLE = Automatic;
				INFOPLIST_FILE = LandmarksTests/Info.plist;
				IPHONEOS_DEPLOYMENT_TARGET = 14.0;
				LD_RUNPATH_SEARCH_PATHS = (
					"$(inherited)",
					"@executable_path/Frameworks",
					"@loader_path/Frameworks",
				);
				PRODUCT_BUNDLE_IDENTIFIER = com.example.LandmarksTests;
				PRODUCT_NAME = "$(TARGET_NAME)";
				SWIFT_VERSION = 5.0;
				TARGETED_DEVICE_FAMILY = "1,2";
				TEST_HOST = "$(BUILT_PRODUCTS_DIR)/Landmarks.app/Landmarks";
			};
			name = Debug;
		};
		08F90CB426201243000BF075 /* Release */ = {
			isa = XCBuildConfiguration;
			buildSettings = {
				ALWAYS_EMBED_SWIFT_STANDARD_LIBRARIES = YES;
				BUNDLE_LOADER = "$(TEST_HOST)";
				CODE_SIGN_STYLE = Automatic;
				INFOPLIST_FILE = LandmarksTests/Info.plist;
				IPHONEOS_DEPLOYMENT_TARGET = 14.0;
				LD_RUNPATH_SEARCH_PATHS = (
					"$(inherited)",
					"@executable_path/Frameworks",
					"@loader_path/Frameworks",
				);
				PRODUCT_BUNDLE_IDENTIFIER = com.example.LandmarksTests;
				PRODUCT_NAME = "$(TARGET_NAME)";
				SWIFT_VERSION = 5.0;
				TARGETED_DEVICE_FAMILY = "1,2";
				TEST_HOST = "$(BUILT_PRODUCTS_DIR)/Landmarks.app/Landmarks";
			};
			name = Release;
		};
		08F90CB626201243000BF075 /* Debug */ = {
			isa = XCBuildConfiguration;
			buildSettings = {
				ALWAYS_EMBED_SWIFT_STANDARD_LIBRARIES = YES;
				CODE_SIGN_STYLE = Automatic;
				INFOPLIST_FILE = LandmarksUITests/Info.plist;
				LD_RUNPATH_SEARCH_PATHS = (
					"$(inherited)",
					"@executable_path/Frameworks",
					"@loader_path/Frameworks",
				);
				PRODUCT_BUNDLE_IDENTIFIER = com.example.LandmarksUITests;
				PRODUCT_NAME = "$(TARGET_NAME)";
				SWIFT_VERSION = 5.0;
				TARGETED_DEVICE_FAMILY = "1,2";
				TEST_TARGET_NAME = Landmarks;
			};
			name = Debug;
		};
		08F90CB726201243000BF075 /* Release */ = {
			isa = XCBuildConfiguration;
			buildSettings = {
				ALWAYS_EMBED_SWIFT_STANDARD_LIBRARIES = YES;
				CODE_SIGN_STYLE = Automatic;
				INFOPLIST_FILE = LandmarksUITests/Info.plist;
				LD_RUNPATH_SEARCH_PATHS = (
					"$(inherited)",
					"@executable_path/Frameworks",
					"@loader_path/Frameworks",
				);
				PRODUCT_BUNDLE_IDENTIFIER = com.example.LandmarksUITests;
				PRODUCT_NAME = "$(TARGET_NAME)";
				SWIFT_VERSION = 5.0;
				TARGETED_DEVICE_FAMILY = "1,2";
				TEST_TARGET_NAME = Landmarks;
			};
			name = Release;
		};
/* End XCBuildConfiguration section */

/* Begin XCConfigurationList section */
		08F90C8526201242000BF075 /* Build configuration list for PBXProject "Landmarks" */ = {
			isa = XCConfigurationList;
			buildConfigurations = (
				08F90CAD26201243000BF075 /* Debug */,
				08F90CAE26201243000BF075 /* Release */,
			);
			defaultConfigurationIsVisible = 0;
			defaultConfigurationName = Release;
		};
		08F90CAF26201243000BF075 /* Build configuration list for PBXNativeTarget "Landmarks" */ = {
			isa = XCConfigurationList;
			buildConfigurations = (
				08F90CB026201243000BF075 /* Debug */,
				08F90CB126201243000BF075 /* Release */,
			);
			defaultConfigurationIsVisible = 0;
			defaultConfigurationName = Release;
		};
		08F90CB226201243000BF075 /* Build configuration list for PBXNativeTarget "LandmarksTests" */ = {
			isa = XCConfigurationList;
			buildConfigurations = (
				08F90CB326201243000BF075 /* Debug */,
				08F90CB426201243000BF075 /* Release */,
			);
			defaultConfigurationIsVisible = 0;
			defaultConfigurationName = Release;
		};
		08F90CB526201243000BF075 /* Build configuration list for PBXNativeTarget "LandmarksUITests" */ = {
			isa = XCConfigurationList;
			buildConfigurations = (
				08F90CB626201243000BF075 /* Debug */,
				08F90CB726201243000BF075 /* Release */,
			);
			defaultConfigurationIsVisible = 0;
			defaultConfigurationName = Release;
		};
/* End XCConfigurationList section */
	};
	rootObject = 08F90C8226201242000BF075 /* Project object */;
}
